
Microsoft Visual Studio Solution File, Format Version 12.00
# Visual Studio Version 17
VisualStudioVersion = 17.11.35327.3
MinimumVisualStudioVersion = 10.0.40219.1
Project("{8BC9CEB8-8B4A-11D0-8D11-00A0C91BC942}") = "Flappy Bird", "Flappy Bird.vcxproj", "{A402F461-DF31-43A5-929E-6B4A332D53C4}"
EndProject
Global
	GlobalSection(SolutionConfigurationPlatforms) = preSolution
		Debug|x86 = Debug|x86
		Release|x86 = Release|x86
	EndGlobalSection
	GlobalSection(ProjectConfigurationPlatforms) = postSolution
		{A402F461-DF31-43A5-929E-6B4A332D53C4}.Debug|x86.ActiveCfg = Debug|Win32
		{A402F461-DF31-43A5-929E-6B4A332D53C4}.Debug|x86.Build.0 = Debug|Win32
		{A402F461-DF31-43A5-929E-6B4A332D53C4}.Release|x86.ActiveCfg = Release|Win32
		{A402F461-DF31-43A5-929E-6B4A332D53C4}.Release|x86.Build.0 = Release|Win32
	EndGlobalSection
	GlobalSection(SolutionProperties) = preSolution
		HideSolutionNode = FALSE
	EndGlobalSection
	GlobalSection(ExtensibilityGlobals) = postSolution
		SolutionGuid = {E3B56AA7-2A7A-42A9-B771-E8C2683E9B47}
	EndGlobalSection
EndGlobal
